
Microsoft Visual Studio Solution File, Format Version 12.00
# Visual Studio Version 17
VisualStudioVersion = 17.7.34009.444
MinimumVisualStudioVersion = 10.0.40219.1
Project("{9A19103F-16F7-4668-BE54-9A1E7A4F7556}") = "DenevCloud.Extensions.Types", "src\DenevCloud.Extensions.Types\DenevCloud.Extensions.Types.csproj", "{5F1B8148-D176-4BB0-AC2E-54A23AF86B8E}"
EndProject
Project("{2150E333-8FDC-42A3-9474-1A3956D46DE8}") = "Solution Items", "Solution Items", "{6823343C-61B9-4663-B963-81F078717778}"
	ProjectSection(SolutionItems) = preProject
		README.md = README.md
	EndProjectSection
EndProject
Global
	GlobalSection(SolutionConfigurationPlatforms) = preSolution
		Debug|Any CPU = Debug|Any CPU
		Debug|x64 = Debug|x64
		Debug|x86 = Debug|x86
		Release|Any CPU = Release|Any CPU
		Release|x64 = Release|x64
		Release|x86 = Release|x86
	EndGlobalSection
	GlobalSection(ProjectConfigurationPlatforms) = postSolution
		{5F1B8148-D176-4BB0-AC2E-54A23AF86B8E}.Debug|Any CPU.ActiveCfg = Debug|Any CPU
		{5F1B8148-D176-4BB0-AC2E-54A23AF86B8E}.Debug|Any CPU.Build.0 = Debug|Any CPU
		{5F1B8148-D176-4BB0-AC2E-54A23AF86B8E}.Debug|x64.ActiveCfg = Debug|x64
		{5F1B8148-D176-4BB0-AC2E-54A23AF86B8E}.Debug|x64.Build.0 = Debug|x64
		{5F1B8148-D176-4BB0-AC2E-54A23AF86B8E}.Debug|x86.ActiveCfg = Debug|x86
		{5F1B8148-D176-4BB0-AC2E-54A23AF86B8E}.Debug|x86.Build.0 = Debug|x86
		{5F1B8148-D176-4BB0-AC2E-54A23AF86B8E}.Release|Any CPU.ActiveCfg = Release|Any CPU
		{5F1B8148-D176-4BB0-AC2E-54A23AF86B8E}.Release|Any CPU.Build.0 = Release|Any CPU
		{5F1B8148-D176-4BB0-AC2E-54A23AF86B8E}.Release|x64.ActiveCfg = Release|x64
		{5F1B8148-D176-4BB0-AC2E-54A23AF86B8E}.Release|x64.Build.0 = Release|x64
		{5F1B8148-D176-4BB0-AC2E-54A23AF86B8E}.Release|x86.ActiveCfg = Release|x86
		{5F1B8148-D176-4BB0-AC2E-54A23AF86B8E}.Release|x86.Build.0 = Release|x86
	EndGlobalSection
	GlobalSection(SolutionProperties) = preSolution
		HideSolutionNode = FALSE
	EndGlobalSection
	GlobalSection(ExtensibilityGlobals) = postSolution
		SolutionGuid = {037DD7E1-D95F-43B6-A59C-0215B71A9EC0}
	EndGlobalSection
EndGlobal
